
Microsoft Visual Studio Solution File, Format Version 12.00
# Visual Studio Version 16
VisualStudioVersion = 16.0.31005.135
MinimumVisualStudioVersion = 10.0.40219.1
Project("{FAE04EC0-301F-11D3-BF4B-00C04F79EFBC}") = "AmbuControl", "AmbuControl.csproj", "{64C3EEAB-3EE5-4C10-B107-A1DD883F88BF}"
EndProject
Global
	GlobalSection(SolutionConfigurationPlatforms) = preSolution
		Debug|Any CPU = Debug|Any CPU
		Release|Any CPU = Release|Any CPU
	EndGlobalSection
	GlobalSection(ProjectConfigurationPlatforms) = postSolution
		{64C3EEAB-3EE5-4C10-B107-A1DD883F88BF}.Debug|Any CPU.ActiveCfg = Debug|Any CPU
		{64C3EEAB-3EE5-4C10-B107-A1DD883F88BF}.Debug|Any CPU.Build.0 = Debug|Any CPU
		{64C3EEAB-3EE5-4C10-B107-A1DD883F88BF}.Release|Any CPU.ActiveCfg = Release|Any CPU
		{64C3EEAB-3EE5-4C10-B107-A1DD883F88BF}.Release|Any CPU.Build.0 = Release|Any CPU
	EndGlobalSection
	GlobalSection(SolutionProperties) = preSolution
		HideSolutionNode = FALSE
	EndGlobalSection
	GlobalSection(ExtensibilityGlobals) = postSolution
		SolutionGuid = {9468B171-339B-431E-BA3A-A7891B435A88}
	EndGlobalSection
EndGlobal
